
Microsoft Visual Studio Solution File, Format Version 12.00
# Visual Studio Version 17
VisualStudioVersion = 17.2.32516.85
MinimumVisualStudioVersion = 10.0.40219.1
Project("{FAE04EC0-301F-11D3-BF4B-00C04F79EFBC}") = "DounutShop", "DounutShop\DounutShop.csproj", "{466FAE22-32DB-45C7-ABC2-62DE60AA2BF5}"
EndProject
Global
	GlobalSection(SolutionConfigurationPlatforms) = preSolution
		Debug|Any CPU = Debug|Any CPU
		Release|Any CPU = Release|Any CPU
	EndGlobalSection
	GlobalSection(ProjectConfigurationPlatforms) = postSolution
		{466FAE22-32DB-45C7-ABC2-62DE60AA2BF5}.Debug|Any CPU.ActiveCfg = Debug|Any CPU
		{466FAE22-32DB-45C7-ABC2-62DE60AA2BF5}.Debug|Any CPU.Build.0 = Debug|Any CPU
		{466FAE22-32DB-45C7-ABC2-62DE60AA2BF5}.Release|Any CPU.ActiveCfg = Release|Any CPU
		{466FAE22-32DB-45C7-ABC2-62DE60AA2BF5}.Release|Any CPU.Build.0 = Release|Any CPU
	EndGlobalSection
	GlobalSection(SolutionProperties) = preSolution
		HideSolutionNode = FALSE
	EndGlobalSection
	GlobalSection(ExtensibilityGlobals) = postSolution
		SolutionGuid = {C55D6F9A-C1EF-43FB-98D7-9F7A1141E169}
	EndGlobalSection
EndGlobal
